Microsoft Visual Studio Solution File, Format Version 10.00
# Visual C++ Express 2008
Project("{8BC9CEB8-8B4A-11D0-8D11-00A0C91BC942}") = "openvrml", "openvrml\openvrml.vcproj", "{E5287CD2-4BAC-4341-AF28-A1F9C0F5949C}"
	ProjectSection(ProjectDependencies) = postProject
		{78133A10-3ADF-474C-B32A-74124A976482} = {78133A10-3ADF-474C-B32A-74124A976482}
		{430B1A48-8E64-43DF-8CC4-AD09C41BA735} = {430B1A48-8E64-43DF-8CC4-AD09C41BA735}
		{7DAC4CA0-9382-4ED0-A26E-A5F84776054C} = {7DAC4CA0-9382-4ED0-A26E-A5F84776054C}
		{5ED398C0-0529-40D5-AB2C-C7EF0769002B} = {5ED398C0-0529-40D5-AB2C-C7EF0769002B}
		{1D32E4EB-6613-4270-8295-7113712BC6C5} = {1D32E4EB-6613-4270-8295-7113712BC6C5}
	EndProjectSection
EndProject
Project("{8BC9CEB8-8B4A-11D0-8D11-00A0C91BC942}") = "openvrml-gl", "openvrml-gl\openvrml-gl.vcproj", "{141F90C2-6630-4D7A-834F-D5D57C6CFC24}"
	ProjectSection(ProjectDependencies) = postProject
		{E5287CD2-4BAC-4341-AF28-A1F9C0F5949C} = {E5287CD2-4BAC-4341-AF28-A1F9C0F5949C}
	EndProjectSection
EndProject
Project("{8BC9CEB8-8B4A-11D0-8D11-00A0C91BC942}") = "sdl-viewer", "sdl-viewer\sdl-viewer.vcproj", "{2DD5D192-3E85-4E64-854B-DF7A1FF06B76}"
	ProjectSection(ProjectDependencies) = postProject
		{FE4F0469-ADE7-4BC3-8501-590F810BF569} = {FE4F0469-ADE7-4BC3-8501-590F810BF569}
		{141F90C2-6630-4D7A-834F-D5D57C6CFC24} = {141F90C2-6630-4D7A-834F-D5D57C6CFC24}
		{E5287CD2-4BAC-4341-AF28-A1F9C0F5949C} = {E5287CD2-4BAC-4341-AF28-A1F9C0F5949C}
	EndProjectSection
EndProject
Project("{8BC9CEB8-8B4A-11D0-8D11-00A0C91BC942}") = "javascript", "javascript\javascript.vcproj", "{FE4F0469-ADE7-4BC3-8501-590F810BF569}"
	ProjectSection(ProjectDependencies) = postProject
		{E5287CD2-4BAC-4341-AF28-A1F9C0F5949C} = {E5287CD2-4BAC-4341-AF28-A1F9C0F5949C}
	EndProjectSection
EndProject
Project("{8BC9CEB8-8B4A-11D0-8D11-00A0C91BC942}") = "parse-vrml97", "parse-vrml97\parse-vrml97.vcproj", "{B7ACAA17-A1BE-4221-8F9D-503EA2AF0EDF}"
	ProjectSection(ProjectDependencies) = postProject
		{E5287CD2-4BAC-4341-AF28-A1F9C0F5949C} = {E5287CD2-4BAC-4341-AF28-A1F9C0F5949C}
	EndProjectSection
EndProject
Project("{8BC9CEB8-8B4A-11D0-8D11-00A0C91BC942}") = "parse-x3dvrml", "parse-x3dvrml\parse-x3dvrml.vcproj", "{38979260-FBDB-49E6-A0AD-15E3C8C553A3}"
	ProjectSection(ProjectDependencies) = postProject
		{E5287CD2-4BAC-4341-AF28-A1F9C0F5949C} = {E5287CD2-4BAC-4341-AF28-A1F9C0F5949C}
	EndProjectSection
EndProject
Project("{8BC9CEB8-8B4A-11D0-8D11-00A0C91BC942}") = "pretty-print", "pretty-print\pretty-print.vcproj", "{EFCFAB14-FC2B-4816-AD49-DC0E6F4D04E1}"
	ProjectSection(ProjectDependencies) = postProject
		{E5287CD2-4BAC-4341-AF28-A1F9C0F5949C} = {E5287CD2-4BAC-4341-AF28-A1F9C0F5949C}
	EndProjectSection
EndProject
Project("{8BC9CEB8-8B4A-11D0-8D11-00A0C91BC942}") = "vrml97", "vrml97\vrml97.vcproj", "{5ED398C0-0529-40D5-AB2C-C7EF0769002B}"
EndProject
Project("{8BC9CEB8-8B4A-11D0-8D11-00A0C91BC942}") = "x3d-core", "x3d-core\x3d-core.vcproj", "{78133A10-3ADF-474C-B32A-74124A976482}"
EndProject
Project("{8BC9CEB8-8B4A-11D0-8D11-00A0C91BC942}") = "x3d-networking", "x3d-networking\x3d-networking.vcproj", "{430B1A48-8E64-43DF-8CC4-AD09C41BA735}"
EndProject
Project("{8BC9CEB8-8B4A-11D0-8D11-00A0C91BC942}") = "x3d-grouping", "x3d-grouping\x3d-grouping.vcproj", "{1D32E4EB-6613-4270-8295-7113712BC6C5}"
EndProject
Project("{8BC9CEB8-8B4A-11D0-8D11-00A0C91BC942}") = "x3d-rendering", "x3d-rendering\x3d-rendering.vcproj", "{7DAC4CA0-9382-4ED0-A26E-A5F84776054C}"
EndProject
Project("{8BC9CEB8-8B4A-11D0-8D11-00A0C91BC942}") = "x3d-shape", "x3d-shape\x3d-shape.vcproj", "{95D646C4-B759-469D-BDBB-A370A5778CA5}"
EndProject
Global
	GlobalSection(SolutionConfigurationPlatforms) = preSolution
		Debug|Win32 = Debug|Win32
		Release|Win32 = Release|Win32
	EndGlobalSection
	GlobalSection(ProjectConfigurationPlatforms) = postSolution
		{E5287CD2-4BAC-4341-AF28-A1F9C0F5949C}.Debug|Win32.ActiveCfg = Debug|Win32
		{E5287CD2-4BAC-4341-AF28-A1F9C0F5949C}.Debug|Win32.Build.0 = Debug|Win32
		{E5287CD2-4BAC-4341-AF28-A1F9C0F5949C}.Release|Win32.ActiveCfg = Release|Win32
		{E5287CD2-4BAC-4341-AF28-A1F9C0F5949C}.Release|Win32.Build.0 = Release|Win32
		{141F90C2-6630-4D7A-834F-D5D57C6CFC24}.Debug|Win32.ActiveCfg = Debug|Win32
		{141F90C2-6630-4D7A-834F-D5D57C6CFC24}.Debug|Win32.Build.0 = Debug|Win32
		{141F90C2-6630-4D7A-834F-D5D57C6CFC24}.Release|Win32.ActiveCfg = Release|Win32
		{141F90C2-6630-4D7A-834F-D5D57C6CFC24}.Release|Win32.Build.0 = Release|Win32
		{2DD5D192-3E85-4E64-854B-DF7A1FF06B76}.Debug|Win32.ActiveCfg = Debug|Win32
		{2DD5D192-3E85-4E64-854B-DF7A1FF06B76}.Debug|Win32.Build.0 = Debug|Win32
		{2DD5D192-3E85-4E64-854B-DF7A1FF06B76}.Release|Win32.ActiveCfg = Release|Win32
		{2DD5D192-3E85-4E64-854B-DF7A1FF06B76}.Release|Win32.Build.0 = Release|Win32
		{FE4F0469-ADE7-4BC3-8501-590F810BF569}.Debug|Win32.ActiveCfg = Debug|Win32
		{FE4F0469-ADE7-4BC3-8501-590F810BF569}.Debug|Win32.Build.0 = Debug|Win32
		{FE4F0469-ADE7-4BC3-8501-590F810BF569}.Release|Win32.ActiveCfg = Release|Win32
		{FE4F0469-ADE7-4BC3-8501-590F810BF569}.Release|Win32.Build.0 = Release|Win32
		{B7ACAA17-A1BE-4221-8F9D-503EA2AF0EDF}.Debug|Win32.ActiveCfg = Debug|Win32
		{B7ACAA17-A1BE-4221-8F9D-503EA2AF0EDF}.Debug|Win32.Build.0 = Debug|Win32
		{B7ACAA17-A1BE-4221-8F9D-503EA2AF0EDF}.Release|Win32.ActiveCfg = Release|Win32
		{B7ACAA17-A1BE-4221-8F9D-503EA2AF0EDF}.Release|Win32.Build.0 = Release|Win32
		{38979260-FBDB-49E6-A0AD-15E3C8C553A3}.Debug|Win32.ActiveCfg = Debug|Win32
		{38979260-FBDB-49E6-A0AD-15E3C8C553A3}.Debug|Win32.Build.0 = Debug|Win32
		{38979260-FBDB-49E6-A0AD-15E3C8C553A3}.Release|Win32.ActiveCfg = Release|Win32
		{38979260-FBDB-49E6-A0AD-15E3C8C553A3}.Release|Win32.Build.0 = Release|Win32
		{EFCFAB14-FC2B-4816-AD49-DC0E6F4D04E1}.Debug|Win32.ActiveCfg = Debug|Win32
		{EFCFAB14-FC2B-4816-AD49-DC0E6F4D04E1}.Debug|Win32.Build.0 = Debug|Win32
		{EFCFAB14-FC2B-4816-AD49-DC0E6F4D04E1}.Release|Win32.ActiveCfg = Release|Win32
		{EFCFAB14-FC2B-4816-AD49-DC0E6F4D04E1}.Release|Win32.Build.0 = Release|Win32
		{5ED398C0-0529-40D5-AB2C-C7EF0769002B}.Debug|Win32.ActiveCfg = Debug|Win32
		{5ED398C0-0529-40D5-AB2C-C7EF0769002B}.Debug|Win32.Build.0 = Debug|Win32
		{5ED398C0-0529-40D5-AB2C-C7EF0769002B}.Release|Win32.ActiveCfg = Release|Win32
		{5ED398C0-0529-40D5-AB2C-C7EF0769002B}.Release|Win32.Build.0 = Release|Win32
		{78133A10-3ADF-474C-B32A-74124A976482}.Debug|Win32.ActiveCfg = Debug|Win32
		{78133A10-3ADF-474C-B32A-74124A976482}.Debug|Win32.Build.0 = Debug|Win32
		{78133A10-3ADF-474C-B32A-74124A976482}.Release|Win32.ActiveCfg = Release|Win32
		{78133A10-3ADF-474C-B32A-74124A976482}.Release|Win32.Build.0 = Release|Win32
		{430B1A48-8E64-43DF-8CC4-AD09C41BA735}.Debug|Win32.ActiveCfg = Debug|Win32
		{430B1A48-8E64-43DF-8CC4-AD09C41BA735}.Debug|Win32.Build.0 = Debug|Win32
		{430B1A48-8E64-43DF-8CC4-AD09C41BA735}.Release|Win32.ActiveCfg = Release|Win32
		{430B1A48-8E64-43DF-8CC4-AD09C41BA735}.Release|Win32.Build.0 = Release|Win32
		{1D32E4EB-6613-4270-8295-7113712BC6C5}.Debug|Win32.ActiveCfg = Debug|Win32
		{1D32E4EB-6613-4270-8295-7113712BC6C5}.Debug|Win32.Build.0 = Debug|Win32
		{1D32E4EB-6613-4270-8295-7113712BC6C5}.Release|Win32.ActiveCfg = Release|Win32
		{1D32E4EB-6613-4270-8295-7113712BC6C5}.Release|Win32.Build.0 = Release|Win32
		{7DAC4CA0-9382-4ED0-A26E-A5F84776054C}.Debug|Win32.ActiveCfg = Debug|Win32
		{7DAC4CA0-9382-4ED0-A26E-A5F84776054C}.Debug|Win32.Build.0 = Debug|Win32
		{7DAC4CA0-9382-4ED0-A26E-A5F84776054C}.Release|Win32.ActiveCfg = Release|Win32
		{7DAC4CA0-9382-4ED0-A26E-A5F84776054C}.Release|Win32.Build.0 = Release|Win32
		{95D646C4-B759-469D-BDBB-A370A5778CA5}.Debug|Win32.ActiveCfg = Debug|Win32
		{95D646C4-B759-469D-BDBB-A370A5778CA5}.Debug|Win32.Build.0 = Debug|Win32
		{95D646C4-B759-469D-BDBB-A370A5778CA5}.Release|Win32.ActiveCfg = Release|Win32
		{95D646C4-B759-469D-BDBB-A370A5778CA5}.Release|Win32.Build.0 = Release|Win32
	EndGlobalSection
	GlobalSection(SolutionProperties) = preSolution
		HideSolutionNode = FALSE
	EndGlobalSection
EndGlobal
