Microsoft Visual Studio Solution File, Format Version 9.00
# Visual C++ Express 2005
Project("{8BC9CEB8-8B4A-11D0-8D11-00A0C91BC942}") = "openvrml", "openvrml\openvrml.vcproj", "{E5287CD2-4BAC-4341-AF28-A1F9C0F5949C}"
	ProjectSection(ProjectDependencies) = postProject
		{ED407BF6-F8A1-4C7E-9952-E5454896AC63} = {ED407BF6-F8A1-4C7E-9952-E5454896AC63}
	EndProjectSection
EndProject
Project("{8BC9CEB8-8B4A-11D0-8D11-00A0C91BC942}") = "antlr", "antlr\antlr.vcproj", "{ED407BF6-F8A1-4C7E-9952-E5454896AC63}"
EndProject
Project("{8BC9CEB8-8B4A-11D0-8D11-00A0C91BC942}") = "openvrml-gl", "openvrml-gl\openvrml-gl.vcproj", "{141F90C2-6630-4D7A-834F-D5D57C6CFC24}"
	ProjectSection(ProjectDependencies) = postProject
		{E5287CD2-4BAC-4341-AF28-A1F9C0F5949C} = {E5287CD2-4BAC-4341-AF28-A1F9C0F5949C}
	EndProjectSection
EndProject
Project("{8BC9CEB8-8B4A-11D0-8D11-00A0C91BC942}") = "sdl-viewer", "sdl-viewer\sdl-viewer.vcproj", "{2DD5D192-3E85-4E64-854B-DF7A1FF06B76}"
	ProjectSection(ProjectDependencies) = postProject
		{ED407BF6-F8A1-4C7E-9952-E5454896AC63} = {ED407BF6-F8A1-4C7E-9952-E5454896AC63}
		{E5287CD2-4BAC-4341-AF28-A1F9C0F5949C} = {E5287CD2-4BAC-4341-AF28-A1F9C0F5949C}
		{141F90C2-6630-4D7A-834F-D5D57C6CFC24} = {141F90C2-6630-4D7A-834F-D5D57C6CFC24}
	EndProjectSection
EndProject
Global
	GlobalSection(SolutionConfigurationPlatforms) = preSolution
		Debug DLL|Win32 = Debug DLL|Win32
		Debug|Win32 = Debug|Win32
		Release DLL|Win32 = Release DLL|Win32
		Release|Win32 = Release|Win32
	EndGlobalSection
	GlobalSection(ProjectConfigurationPlatforms) = postSolution
		{E5287CD2-4BAC-4341-AF28-A1F9C0F5949C}.Debug DLL|Win32.ActiveCfg = Debug DLL|Win32
		{E5287CD2-4BAC-4341-AF28-A1F9C0F5949C}.Debug DLL|Win32.Build.0 = Debug DLL|Win32
		{E5287CD2-4BAC-4341-AF28-A1F9C0F5949C}.Debug|Win32.ActiveCfg = Debug|Win32
		{E5287CD2-4BAC-4341-AF28-A1F9C0F5949C}.Debug|Win32.Build.0 = Debug|Win32
		{E5287CD2-4BAC-4341-AF28-A1F9C0F5949C}.Release DLL|Win32.ActiveCfg = Release DLL|Win32
		{E5287CD2-4BAC-4341-AF28-A1F9C0F5949C}.Release DLL|Win32.Build.0 = Release DLL|Win32
		{E5287CD2-4BAC-4341-AF28-A1F9C0F5949C}.Release|Win32.ActiveCfg = Release|Win32
		{E5287CD2-4BAC-4341-AF28-A1F9C0F5949C}.Release|Win32.Build.0 = Release|Win32
		{ED407BF6-F8A1-4C7E-9952-E5454896AC63}.Debug DLL|Win32.ActiveCfg = Debug DLL|Win32
		{ED407BF6-F8A1-4C7E-9952-E5454896AC63}.Debug DLL|Win32.Build.0 = Debug DLL|Win32
		{ED407BF6-F8A1-4C7E-9952-E5454896AC63}.Debug|Win32.ActiveCfg = Debug|Win32
		{ED407BF6-F8A1-4C7E-9952-E5454896AC63}.Debug|Win32.Build.0 = Debug|Win32
		{ED407BF6-F8A1-4C7E-9952-E5454896AC63}.Release DLL|Win32.ActiveCfg = Release DLL|Win32
		{ED407BF6-F8A1-4C7E-9952-E5454896AC63}.Release DLL|Win32.Build.0 = Release DLL|Win32
		{ED407BF6-F8A1-4C7E-9952-E5454896AC63}.Release|Win32.ActiveCfg = Release|Win32
		{ED407BF6-F8A1-4C7E-9952-E5454896AC63}.Release|Win32.Build.0 = Release|Win32
		{141F90C2-6630-4D7A-834F-D5D57C6CFC24}.Debug DLL|Win32.ActiveCfg = Debug DLL|Win32
		{141F90C2-6630-4D7A-834F-D5D57C6CFC24}.Debug DLL|Win32.Build.0 = Debug DLL|Win32
		{141F90C2-6630-4D7A-834F-D5D57C6CFC24}.Debug|Win32.ActiveCfg = Debug|Win32
		{141F90C2-6630-4D7A-834F-D5D57C6CFC24}.Debug|Win32.Build.0 = Debug|Win32
		{141F90C2-6630-4D7A-834F-D5D57C6CFC24}.Release DLL|Win32.ActiveCfg = Release DLL|Win32
		{141F90C2-6630-4D7A-834F-D5D57C6CFC24}.Release DLL|Win32.Build.0 = Release DLL|Win32
		{141F90C2-6630-4D7A-834F-D5D57C6CFC24}.Release|Win32.ActiveCfg = Release|Win32
		{141F90C2-6630-4D7A-834F-D5D57C6CFC24}.Release|Win32.Build.0 = Release|Win32
		{2DD5D192-3E85-4E64-854B-DF7A1FF06B76}.Debug DLL|Win32.ActiveCfg = Debug DLL|Win32
		{2DD5D192-3E85-4E64-854B-DF7A1FF06B76}.Debug DLL|Win32.Build.0 = Debug DLL|Win32
		{2DD5D192-3E85-4E64-854B-DF7A1FF06B76}.Debug|Win32.ActiveCfg = Debug|Win32
		{2DD5D192-3E85-4E64-854B-DF7A1FF06B76}.Debug|Win32.Build.0 = Debug|Win32
		{2DD5D192-3E85-4E64-854B-DF7A1FF06B76}.Release DLL|Win32.ActiveCfg = Release DLL|Win32
		{2DD5D192-3E85-4E64-854B-DF7A1FF06B76}.Release DLL|Win32.Build.0 = Release DLL|Win32
		{2DD5D192-3E85-4E64-854B-DF7A1FF06B76}.Release|Win32.ActiveCfg = Release|Win32
		{2DD5D192-3E85-4E64-854B-DF7A1FF06B76}.Release|Win32.Build.0 = Release|Win32
	EndGlobalSection
	GlobalSection(SolutionProperties) = preSolution
		HideSolutionNode = FALSE
	EndGlobalSection
EndGlobal
